
Microsoft Visual Studio Solution File, Format Version 12.00
# Visual Studio Version 17
VisualStudioVersion = 17.0.32014.148
MinimumVisualStudioVersion = 10.0.40219.1
Project("{FAE04EC0-301F-11D3-BF4B-00C04F79EFBC}") = "PTC Management", "PTC Management.csproj", "{874587D3-F8F7-43C2-8DA2-D7A2A8F60316}"
EndProject
Global
	GlobalSection(SolutionConfigurationPlatforms) = preSolution
		Debug|Any CPU = Debug|Any CPU
		Release|Any CPU = Release|Any CPU
	EndGlobalSection
	GlobalSection(ProjectConfigurationPlatforms) = postSolution
		{874587D3-F8F7-43C2-8DA2-D7A2A8F60316}.Debug|Any CPU.ActiveCfg = Debug|Any CPU
		{874587D3-F8F7-43C2-8DA2-D7A2A8F60316}.Debug|Any CPU.Build.0 = Debug|Any CPU
		{874587D3-F8F7-43C2-8DA2-D7A2A8F60316}.Release|Any CPU.ActiveCfg = Release|Any CPU
		{874587D3-F8F7-43C2-8DA2-D7A2A8F60316}.Release|Any CPU.Build.0 = Release|Any CPU
	EndGlobalSection
	GlobalSection(SolutionProperties) = preSolution
		HideSolutionNode = FALSE
	EndGlobalSection
	GlobalSection(ExtensibilityGlobals) = postSolution
		SolutionGuid = {B512B605-8910-4CFA-9565-FB9B287EA3A2}
	EndGlobalSection
EndGlobal
